dependencies:
- name: postgresql
  repository: file://../postgresql
  version: 0.1.0
- name: varnish
  repository: file://../varnish
  version: 0.1.0
- name: backend
  repository: file://../backend
  version: 0.1.0
- name: frontend
  repository: file://../frontend
  version: 0.1.0
- name: nginx
  repository: file://../nginx
  version: 0.1.0
digest: sha256:e91bba4e6bb943d5ff9a851baaf72c3316ba35b91cb8c2a4e70ee9d891213567
generated: "2024-04-25T15:34:56.512707063+02:00"
