dependencies:
- name: postgresql
  repository: file://../postgresql
  version: 0.1.0
- name: backend
  repository: file://../backend
  version: 0.1.0
- name: frontend
  repository: file://../frontend
  version: 0.1.0
digest: sha256:39d2391bb09ce45b2f4d74a3a7e81daeb03116dbe7e7283313371a74c2eb694a
generated: "2024-04-25T15:34:06.495598179+02:00"
